
Microsoft Visual Studio Solution File, Format Version 12.00
# Visual Studio 14
VisualStudioVersion = 14.0.25123.0
MinimumVisualStudioVersion = 10.0.40219.1
Project("{F3343698-12E6-4AAA-8E5F-8B11C93D0BD4}") = "Sitecore.Support.88222", "Sitecore.Support.88222\Sitecore.Support.88222.csproj", "{9103063B-F2A9-4B34-B187-7A392AB9F074}"
EndProject
Global
	GlobalSection(SolutionConfigurationPlatforms) = preSolution
		Debug|Any CPU = Debug|Any CPU
		Release|Any CPU = Release|Any CPU
	EndGlobalSection
	GlobalSection(ProjectConfigurationPlatforms) = postSolution
		{9103063B-F2A9-4B34-B187-7A392AB9F074}.Debug|Any CPU.ActiveCfg = Debug|Any CPU
		{9103063B-F2A9-4B34-B187-7A392AB9F074}.Debug|Any CPU.Build.0 = Debug|Any CPU
		{9103063B-F2A9-4B34-B187-7A392AB9F074}.Release|Any CPU.ActiveCfg = Release|Any CPU
		{9103063B-F2A9-4B34-B187-7A392AB9F074}.Release|Any CPU.Build.0 = Release|Any CPU
	EndGlobalSection
	GlobalSection(SolutionProperties) = preSolution
		HideSolutionNode = FALSE
	EndGlobalSection
EndGlobal
